{
  "requires": true,
  "lockfileVersion": 1,
  "dependencies": {
    "@tensorflow-models/mobilenet": {
      "version": "0.1.0",
      "resolved": "http://registry.npm.taobao.org/@tensorflow-models/mobilenet/download/@tensorflow-models/mobilenet-0.1.0.tgz",
      "integrity": "sha1-24ppNPAWqYCoO+ZZpFGcx4UJAk4="
    }
  }
}
